
Microsoft Visual Studio Solution File, Format Version 12.00
# Visual Studio Version 17
VisualStudioVersion = 17.10.35201.131
MinimumVisualStudioVersion = 10.0.40219.1
Project("{2150E333-8FDC-42A3-9474-1A3956D46DE8}") = "Services", "Services", "{AFAD1BB8-4188-446E-A7E9-556C0F5B589C}"
EndProject
Project("{2150E333-8FDC-42A3-9474-1A3956D46DE8}") = "Catalog", "Catalog", "{A2205536-68E8-4BFD-9942-C0DEF490A522}"
EndProject
Project("{9A19103F-16F7-4668-BE54-9A1E7A4F7556}") = "Catalog.API", "Services\Catalog\Catalog.API\Catalog.API.csproj", "{F23305E2-3688-47F3-9A24-6786EED66F56}"
EndProject
Project("{2150E333-8FDC-42A3-9474-1A3956D46DE8}") = "BuildingBlocks", "BuildingBlocks", "{9BF7054D-7B91-45CE-8552-294863EAB310}"
EndProject
Project("{9A19103F-16F7-4668-BE54-9A1E7A4F7556}") = "BuildingBlocks", "BuildingBlocks\BuildingBlocks\BuildingBlocks.csproj", "{E3D9DCCC-F43C-4B30-86CE-79FCFEDDF5F8}"
EndProject
Project("{E53339B2-1760-4266-BCC7-CA923CBCF16C}") = "docker-compose", "docker-compose.dcproj", "{29703033-D2B8-4342-B43D-C209180BD9B9}"
EndProject
Project("{2150E333-8FDC-42A3-9474-1A3956D46DE8}") = "Basket", "Basket", "{FC05E084-F559-434B-B03A-783C0241A77A}"
EndProject
Project("{FAE04EC0-301F-11D3-BF4B-00C04F79EFBC}") = "Basket.API", "Services\Basket\Basket.API\Basket.API.csproj", "{ED3DB10F-0BAD-4017-87A5-6B4E1B4AF17A}"
EndProject
Project("{2150E333-8FDC-42A3-9474-1A3956D46DE8}") = "Discount", "Discount", "{A5729F7B-E460-4A4C-A4A8-C947AC1B6A0E}"
EndProject
Project("{FAE04EC0-301F-11D3-BF4B-00C04F79EFBC}") = "Discount.GRPC", "Services\Discount\Discount.GRPC\Discount.GRPC.csproj", "{64640AD3-FA77-417A-9E14-15A73DBC35C3}"
EndProject
Global
	GlobalSection(SolutionConfigurationPlatforms) = preSolution
		Debug|Any CPU = Debug|Any CPU
		Release|Any CPU = Release|Any CPU
	EndGlobalSection
	GlobalSection(ProjectConfigurationPlatforms) = postSolution
		{F23305E2-3688-47F3-9A24-6786EED66F56}.Debug|Any CPU.ActiveCfg = Debug|Any CPU
		{F23305E2-3688-47F3-9A24-6786EED66F56}.Debug|Any CPU.Build.0 = Debug|Any CPU
		{F23305E2-3688-47F3-9A24-6786EED66F56}.Release|Any CPU.ActiveCfg = Release|Any CPU
		{F23305E2-3688-47F3-9A24-6786EED66F56}.Release|Any CPU.Build.0 = Release|Any CPU
		{E3D9DCCC-F43C-4B30-86CE-79FCFEDDF5F8}.Debug|Any CPU.ActiveCfg = Debug|Any CPU
		{E3D9DCCC-F43C-4B30-86CE-79FCFEDDF5F8}.Debug|Any CPU.Build.0 = Debug|Any CPU
		{E3D9DCCC-F43C-4B30-86CE-79FCFEDDF5F8}.Release|Any CPU.ActiveCfg = Release|Any CPU
		{E3D9DCCC-F43C-4B30-86CE-79FCFEDDF5F8}.Release|Any CPU.Build.0 = Release|Any CPU
		{29703033-D2B8-4342-B43D-C209180BD9B9}.Debug|Any CPU.ActiveCfg = Debug|Any CPU
		{29703033-D2B8-4342-B43D-C209180BD9B9}.Debug|Any CPU.Build.0 = Debug|Any CPU
		{29703033-D2B8-4342-B43D-C209180BD9B9}.Release|Any CPU.ActiveCfg = Release|Any CPU
		{29703033-D2B8-4342-B43D-C209180BD9B9}.Release|Any CPU.Build.0 = Release|Any CPU
		{ED3DB10F-0BAD-4017-87A5-6B4E1B4AF17A}.Debug|Any CPU.ActiveCfg = Debug|Any CPU
		{ED3DB10F-0BAD-4017-87A5-6B4E1B4AF17A}.Debug|Any CPU.Build.0 = Debug|Any CPU
		{ED3DB10F-0BAD-4017-87A5-6B4E1B4AF17A}.Release|Any CPU.ActiveCfg = Release|Any CPU
		{ED3DB10F-0BAD-4017-87A5-6B4E1B4AF17A}.Release|Any CPU.Build.0 = Release|Any CPU
		{64640AD3-FA77-417A-9E14-15A73DBC35C3}.Debug|Any CPU.ActiveCfg = Debug|Any CPU
		{64640AD3-FA77-417A-9E14-15A73DBC35C3}.Debug|Any CPU.Build.0 = Debug|Any CPU
		{64640AD3-FA77-417A-9E14-15A73DBC35C3}.Release|Any CPU.ActiveCfg = Release|Any CPU
		{64640AD3-FA77-417A-9E14-15A73DBC35C3}.Release|Any CPU.Build.0 = Release|Any CPU
	EndGlobalSection
	GlobalSection(SolutionProperties) = preSolution
		HideSolutionNode = FALSE
	EndGlobalSection
	GlobalSection(NestedProjects) = preSolution
		{A2205536-68E8-4BFD-9942-C0DEF490A522} = {AFAD1BB8-4188-446E-A7E9-556C0F5B589C}
		{F23305E2-3688-47F3-9A24-6786EED66F56} = {A2205536-68E8-4BFD-9942-C0DEF490A522}
		{E3D9DCCC-F43C-4B30-86CE-79FCFEDDF5F8} = {9BF7054D-7B91-45CE-8552-294863EAB310}
		{FC05E084-F559-434B-B03A-783C0241A77A} = {AFAD1BB8-4188-446E-A7E9-556C0F5B589C}
		{ED3DB10F-0BAD-4017-87A5-6B4E1B4AF17A} = {FC05E084-F559-434B-B03A-783C0241A77A}
		{A5729F7B-E460-4A4C-A4A8-C947AC1B6A0E} = {AFAD1BB8-4188-446E-A7E9-556C0F5B589C}
		{64640AD3-FA77-417A-9E14-15A73DBC35C3} = {A5729F7B-E460-4A4C-A4A8-C947AC1B6A0E}
	EndGlobalSection
	GlobalSection(ExtensibilityGlobals) = postSolution
		SolutionGuid = {F362CB9B-54E8-45DC-A06A-8C257A44CA81}
	EndGlobalSection
EndGlobal
